
Microsoft Visual Studio Solution File, Format Version 12.00
# Visual Studio 15
VisualStudioVersion = 15.0.27428.2037
MinimumVisualStudioVersion = 10.0.40219.1
Project("{888888A0-9F3D-457C-B088-3A5042F75D52}") = "Deeptest", "Deeptest\Deeptest.pyproj", "{FB50F63A-9A6D-4576-957A-B7024A087634}"
EndProject
Global
	GlobalSection(SolutionConfigurationPlatforms) = preSolution
		Debug|Any CPU = Debug|Any CPU
		Release|Any CPU = Release|Any CPU
	EndGlobalSection
	GlobalSection(ProjectConfigurationPlatforms) = postSolution
		{FB50F63A-9A6D-4576-957A-B7024A087634}.Debug|Any CPU.ActiveCfg = Debug|Any CPU
		{FB50F63A-9A6D-4576-957A-B7024A087634}.Release|Any CPU.ActiveCfg = Release|Any CPU
	EndGlobalSection
	GlobalSection(SolutionProperties) = preSolution
		HideSolutionNode = FALSE
	EndGlobalSection
	GlobalSection(ExtensibilityGlobals) = postSolution
		SolutionGuid = {B7EF9856-9057-4FCE-A240-DE74174CCAB4}
	EndGlobalSection
EndGlobal
